
Microsoft Visual Studio Solution File, Format Version 12.00
# Visual Studio 15
VisualStudioVersion = 15.0.28307.757
MinimumVisualStudioVersion = 10.0.40219.1
Project("{FAE04EC0-301F-11D3-BF4B-00C04F79EFBC}") = "webapi", "webapi\webapi.csproj", "{C191B5B8-9300-461D-A755-A23DD3D400F0}"
EndProject
Project("{FAE04EC0-301F-11D3-BF4B-00C04F79EFBC}") = "apitests", "apitests\apitests.csproj", "{2F9CE8C9-6023-4565-BA2F-61677F3701DB}"
EndProject
Global
	GlobalSection(SolutionConfigurationPlatforms) = preSolution
		Debug|Any CPU = Debug|Any CPU
		Release|Any CPU = Release|Any CPU
	EndGlobalSection
	GlobalSection(ProjectConfigurationPlatforms) = postSolution
		{C191B5B8-9300-461D-A755-A23DD3D400F0}.Debug|Any CPU.ActiveCfg = Debug|Any CPU
		{C191B5B8-9300-461D-A755-A23DD3D400F0}.Debug|Any CPU.Build.0 = Debug|Any CPU
		{C191B5B8-9300-461D-A755-A23DD3D400F0}.Release|Any CPU.ActiveCfg = Release|Any CPU
		{C191B5B8-9300-461D-A755-A23DD3D400F0}.Release|Any CPU.Build.0 = Release|Any CPU
		{2F9CE8C9-6023-4565-BA2F-61677F3701DB}.Debug|Any CPU.ActiveCfg = Debug|Any CPU
		{2F9CE8C9-6023-4565-BA2F-61677F3701DB}.Debug|Any CPU.Build.0 = Debug|Any CPU
		{2F9CE8C9-6023-4565-BA2F-61677F3701DB}.Release|Any CPU.ActiveCfg = Release|Any CPU
		{2F9CE8C9-6023-4565-BA2F-61677F3701DB}.Release|Any CPU.Build.0 = Release|Any CPU
	EndGlobalSection
	GlobalSection(SolutionProperties) = preSolution
		HideSolutionNode = FALSE
	EndGlobalSection
	GlobalSection(ExtensibilityGlobals) = postSolution
		SolutionGuid = {5E7BE776-9157-479F-9AB9-8EB360E74A30}
	EndGlobalSection
EndGlobal
